
Microsoft Visual Studio Solution File, Format Version 12.00
# Visual Studio 2015
Project("{FAE04EC0-301F-11D3-BF4B-00C04F79EFBC}") = "Nightfall Beta 1.3.CSharp", "Nightfall Beta 1.3.CSharp.csproj", "{3024B428-6F86-AD86-6A5A-C1D0A1899446}"
EndProject
Project("{FAE04EC0-301F-11D3-BF4B-00C04F79EFBC}") = "Nightfall Beta 1.3.CSharp.Editor", "Nightfall Beta 1.3.CSharp.Editor.csproj", "{8D88573E-B0E3-2296-0AC4-0325059CF4A3}"
EndProject
Global
	GlobalSection(SolutionConfigurationPlatforms) = preSolution
		Debug|Any CPU = Debug|Any CPU
		Release|Any CPU = Release|Any CPU
	EndGlobalSection
	GlobalSection(ProjectConfigurationPlatforms) = postSolution
		{3024B428-6F86-AD86-6A5A-C1D0A1899446}.Debug|Any CPU.ActiveCfg = Debug|Any CPU
		{3024B428-6F86-AD86-6A5A-C1D0A1899446}.Debug|Any CPU.Build.0 = Debug|Any CPU
		{3024B428-6F86-AD86-6A5A-C1D0A1899446}.Release|Any CPU.ActiveCfg = Release|Any CPU
		{3024B428-6F86-AD86-6A5A-C1D0A1899446}.Release|Any CPU.Build.0 = Release|Any CPU
		{8D88573E-B0E3-2296-0AC4-0325059CF4A3}.Debug|Any CPU.ActiveCfg = Debug|Any CPU
		{8D88573E-B0E3-2296-0AC4-0325059CF4A3}.Debug|Any CPU.Build.0 = Debug|Any CPU
		{8D88573E-B0E3-2296-0AC4-0325059CF4A3}.Release|Any CPU.ActiveCfg = Release|Any CPU
		{8D88573E-B0E3-2296-0AC4-0325059CF4A3}.Release|Any CPU.Build.0 = Release|Any CPU
	EndGlobalSection
	GlobalSection(SolutionProperties) = preSolution
		HideSolutionNode = FALSE
	EndGlobalSection
EndGlobal
